# This file was autogenerated by Stack.
# You should not edit this file by hand.
# For more information, please see the documentation at:
#   https://docs.haskellstack.org/en/stable/lock_files

packages:
- completed:
    hackage: storable-endian-0.2.6@sha256:cae7aac2bfe6037660b2cf294891867e69bcd74e739a3b3ea759e9ad99d6c889,801
    pantry-tree:
      size: 223
      sha256: 6a8e43727f9b146238d4064fffc39d629f06622106922487fea922ec73aaee1e
  original:
    hackage: storable-endian-0.2.6@sha256:cae7aac2bfe6037660b2cf294891867e69bcd74e739a3b3ea759e9ad99d6c889,801
- completed:
    hackage: store-0.7.7@sha256:8855feafa52b623f280d9a6b7abea36b7e9eec3cd68db4d476a5b1ece125a92a,8001
    pantry-tree:
      size: 1292
      sha256: dc0f032952d8e227ef1ffb771ad5a009f6a9ca7ccf87634042e0ee4ba4109657
  original:
    hackage: store-0.7.7@sha256:8855feafa52b623f280d9a6b7abea36b7e9eec3cd68db4d476a5b1ece125a92a,8001
- completed:
    hackage: store-core-0.4.4.3@sha256:50b3ef13ab5f82cccf665bd29edf37f69ef1e94c22802c2c94d0f74ce8808f09,1430
    pantry-tree:
      size: 271
      sha256: 35769e3ad984fafd1504f618aacdd5aaeb44f19b7f967aa097e71298031196c7
  original:
    hackage: store-core-0.4.4.3@sha256:50b3ef13ab5f82cccf665bd29edf37f69ef1e94c22802c2c94d0f74ce8808f09,1430
- completed:
    hackage: th-utilities-0.2.4.0@sha256:ba19cd8441aa43dbaed40e9055bb5a7cbd7cf9e154f5253c6bf9293af8b1f96b,1869
    pantry-tree:
      size: 882
      sha256: 8c577d112a8398a5542aa4205b2e8a470a66d57590e6606d752d71e75d7425ea
  original:
    hackage: th-utilities-0.2.4.0@sha256:ba19cd8441aa43dbaed40e9055bb5a7cbd7cf9e154f5253c6bf9293af8b1f96b,1869
- completed:
    hackage: Stack-0.4.0@sha256:ada69a23ed9bbaf97260397f6b39b7a1f4e22a11bcac3fe2e8f23f1513f59fd8,1092
    pantry-tree:
      size: 355
      sha256: 4a0e8d5c268b9d19cb472ac94f0e2291afbb899ce4f5878bbbe86effeba36c6f
  original:
    hackage: Stack-0.4.0@sha256:ada69a23ed9bbaf97260397f6b39b7a1f4e22a11bcac3fe2e8f23f1513f59fd8,1092
- completed:
    name: implicit
    version: 0.2.1
    git: https://github.com/p4l1ly/ImplicitCAD.git
    pantry-tree:
      size: 7248
      sha256: 6ffdd9614d252acd84b1d9227b8cd16d505bb9b36cee16e95d6b105cc6b72726
    commit: a792da238197b9832795a92ae08cc0b51c1ac805
  original:
    git: https://github.com/p4l1ly/ImplicitCAD.git
    commit: a792da238197b9832795a92ae08cc0b51c1ac805
snapshots:
- completed:
    size: 494635
    url: https://raw.githubusercontent.com/commercialhaskell/stackage-snapshots/master/lts/15/12.yaml
    sha256: a71c4293d8f461f455ff0d9815dfe4ab2f1adacd7e0bbc9a218f46ced8c4929a
  original: lts-15.12
